github.com/antihax/optional v0.0.0-20180407024304-ca021399b1a6 h1:uZuxRZCz65cG1o6K/xUqImNcYKtmk9ylqaH0itMSvzA=
github.com/antihax/optional v0.0.0-20180407024304-ca021399b1a6/go.mod h1:V8iCPQYkqmusNa815XgQio277wI47sdRh1dUOLdyC6Q=
github.com/frozenpine/ngerest v0.0.0-20190719034118-f47139dfa7a0 h1:LfX8gXp7lxMPPvtBPsp98ZcRz4/fLWhcl7VcegUUnbo=
github.com/frozenpine/ngerest v0.0.0-20190719034118-f47139dfa7a0/go.mod h1:OJdTOOjkxgCR0XYBYUW52Tdpaii6/jyRpUDtwosNM4c=
github.com/frozenpine/ngerest v0.0.0-20190719102245-aeac37071f6f h1:9Ijv1ZuibsX8D8Oxl3SSq5hmpErJvE5w2SkzdZhWBAE=
github.com/frozenpine/ngerest v0.0.0-20190719102245-aeac37071f6f/go.mod h1:OJdTOOjkxgCR0XYBYUW52Tdpaii6/jyRpUDtwosNM4c=
github.com/frozenpine/ngerest v0.0.0-20190719103955-c72ced3bcfee h1:eThqlviN/XOcCbvfL3538pRIPbX+UHJkEPupUJjRE1M=
github.com/frozenpine/ngerest v0.0.0-20190719103955-c72ced3bcfee/go.mod h1:OJdTOOjkxgCR0XYBYUW52Tdpaii6/jyRpUDtwosNM4c=
github.com/frozenpine/ngerest v0.0.0-20190719110256-a1b918ab18bf h1:66+V5kr5R061lhnPnbEtpPFMfDYLJYJOG8KtCDBIH+Q=
github.com/frozenpine/ngerest v0.0.0-20190719110256-a1b918ab18bf/go.mod h1:OJdTOOjkxgCR0XYBYUW52Tdpaii6/jyRpUDtwosNM4c=
github.com/frozenpine/ngerest v0.0.0-20190719114731-66e8e6d94d48 h1:CDM0NiHFT/A1Y+eXv0bAkUP/VJJDNXjZYwGpyx86LIs=
github.com/frozenpine/ngerest v0.0.0-20190719114731-66e8e6d94d48/go.mod h1:OJdTOOjkxgCR0XYBYUW52Tdpaii6/jyRpUDtwosNM4c=
github.com/frozenpine/ngerest v0.0.0-20190719115219-d40515373057 h1:jJkL9gVc8dHoYrOdkEcdE+Vy8xygNdQQm4nOUnhbmIg=
github.com/frozenpine/ngerest v0.0.0-20190719115219-d40515373057/go.mod h1:OJdTOOjkxgCR0XYBYUW52Tdpaii6/jyRpUDtwosNM4c=
github.com/frozenpine/ngerest v0.0.0-20190719122838-c4769d69a5ee h1:HBhN+Nrcec8ReI50/Iednb5CT6oB8IdHGiQPZxt+VPQ=
github.com/frozenpine/ngerest v0.0.0-20190719122838-c4769d69a5ee/go.mod h1:OJdTOOjkxgCR0XYBYUW52Tdpaii6/jyRpUDtwosNM4c=
github.com/frozenpine/ngerest v0.0.0-20190719123746-3e2a919b2a9f h1:CW3UUyvE/SCYbTnwxPb9byQ0/CcrizcPBPGUv0jNDFw=
github.com/frozenpine/ngerest v0.0.0-20190719123746-3e2a919b2a9f/go.mod h1:OJdTOOjkxgCR0XYBYUW52Tdpaii6/jyRpUDtwosNM4c=
github.com/frozenpine/ngerest v0.0.0-20190719130527-041027b9c92b h1:KXO5CclW25iTPdw4AA6QZVtyYN2STytA5Se0IzeB/2Y=
github.com/frozenpine/ngerest v0.0.0-20190719130527-041027b9c92b/go.mod h1:OJdTOOjkxgCR0XYBYUW52Tdpaii6/jyRpUDtwosNM4c=
github.com/frozenpine/ngerest v0.0.0-20190719130728-59826f59a8ff h1:UNW3pcCqHO8WoYFAz30U8G396AwMYP/5Hioq5nEoIXU=
github.com/frozenpine/ngerest v0.0.0-20190719130728-59826f59a8ff/go.mod h1:OJdTOOjkxgCR0XYBYUW52Tdpaii6/jyRpUDtwosNM4c=
github.com/frozenpine/ngerest v0.0.0-20190719132036-5db6658adb07 h1:U1+lzhZPCEsiKoktzPBFCfDelj7GIeQHVbIbmK+hwdI=
github.com/frozenpine/ngerest v0.0.0-20190719132036-5db6658adb07/go.mod h1:OJdTOOjkxgCR0XYBYUW52Tdpaii6/jyRpUDtwosNM4c=
github.com/frozenpine/ngerest v0.0.0-20190719132833-c5ff392ac55f h1:3qFatBAqJkC0dNAnYSPbJjQi6Xb/5ffKJ6wDgOe5bso=
github.com/frozenpine/ngerest v0.0.0-20190719132833-c5ff392ac55f/go.mod h1:OJdTOOjkxgCR0XYBYUW52Tdpaii6/jyRpUDtwosNM4c=
github.com/frozenpine/ngerest v0.0.0-20190720032719-e6d23b7a9783 h1:3cALBknVZtvlUNw1HccNeZEP/D+BYHWgb4TM5i8bvuU=
github.com/frozenpine/ngerest v0.0.0-20190720032719-e6d23b7a9783/go.mod h1:OJdTOOjkxgCR0XYBYUW52Tdpaii6/jyRpUDtwosNM4c=
github.com/frozenpine/ngerest v0.0.0-20190720032923-37191d3aff39 h1:mcgcR7pn54OJwbXv0d3ySRmHovhM+CKuEKXUdCZ5S8U=
github.com/frozenpine/ngerest v0.0.0-20190720032923-37191d3aff39/go.mod h1:OJdTOOjkxgCR0XYBYUW52Tdpaii6/jyRpUDtwosNM4c=
github.com/frozenpine/ngerest v0.0.0-20190720034136-8aa57fb9d044 h1:EqoIJL8WqN9ZUREATJhs+ucbxhdWA8lcljZDfkEbr80=
github.com/frozenpine/ngerest v0.0.0-20190720034136-8aa57fb9d044/go.mod h1:OJdTOOjkxgCR0XYBYUW52Tdpaii6/jyRpUDtwosNM4c=
github.com/frozenpine/ngerest v0.0.0-20190720040653-882c9e741205 h1:1rbxsNalyeSDb1CAnnPawcjd4sT0/L6wKyLCLRzcF/0=
github.com/frozenpine/ngerest v0.0.0-20190720040653-882c9e741205/go.mod h1:OJdTOOjkxgCR0XYBYUW52Tdpaii6/jyRpUDtwosNM4c=
github.com/frozenpine/ngerest v0.0.0-20190720041227-f738bc9e25cf h1:UffnLx8DF8/iaS/6fvdS1wYe+QPVcw2wTCEOfpsie9w=
github.com/frozenpine/ngerest v0.0.0-20190720041227-f738bc9e25cf/go.mod h1:OJdTOOjkxgCR0XYBYUW52Tdpaii6/jyRpUDtwosNM4c=
github.com/frozenpine/ngerest v0.0.0-20190720041457-eec80f0eba62 h1:/Ew6rehis0rI+j3BqHz8HCPkEKqbOf12YB+y87weDZ8=
github.com/frozenpine/ngerest v0.0.0-20190720041457-eec80f0eba62/go.mod h1:OJdTOOjkxgCR0XYBYUW52Tdpaii6/jyRpUDtwosNM4c=
github.com/frozenpine/ngerest v0.0.0-20190720042809-e31b5a682656 h1:IkyoPYBIhP4cRRbsKMWKMkorvqaXTnI1ksTiYuXV4zY=
github.com/frozenpine/ngerest v0.0.0-20190720042809-e31b5a682656/go.mod h1:OJdTOOjkxgCR0XYBYUW52Tdpaii6/jyRpUDtwosNM4c=
github.com/frozenpine/ngerest v0.0.0-20190720043837-c6e0b9a05d91 h1:W/JdzJuhuT5J8aBw5nD8xLhIf9atxx3dRnYBG5KJkMg=
github.com/frozenpine/ngerest v0.0.0-20190720043837-c6e0b9a05d91/go.mod h1:OJdTOOjkxgCR0XYBYUW52Tdpaii6/jyRpUDtwosNM4c=
github.com/frozenpine/ngerest v0.0.0-20190720044631-f7ed050c84a5 h1:2gQzIIf2jGIwFDynY5X+iNhD1NOOCD05iFwGJwhOqhU=
github.com/frozenpine/ngerest v0.0.0-20190720044631-f7ed050c84a5/go.mod h1:OJdTOOjkxgCR0XYBYUW52Tdpaii6/jyRpUDtwosNM4c=
github.com/frozenpine/ngerest v0.0.0-20190720081929-3220745ced4b h1:o4+XSwEr2d13mSru34KAzq2Uxwih1JXrmCgsTld05Kw=
github.com/frozenpine/ngerest v0.0.0-20190720081929-3220745ced4b/go.mod h1:OJdTOOjkxgCR0XYBYUW52Tdpaii6/jyRpUDtwosNM4c=
github.com/frozenpine/ngerest v0.0.0-20190720083501-ac2880cefe66 h1:XskLh+GaaByZlU0804ZOfTVy3ULDWfvzLEKMqQKAIR4=
github.com/frozenpine/ngerest v0.0.0-20190720083501-ac2880cefe66/go.mod h1:OJdTOOjkxgCR0XYBYUW52Tdpaii6/jyRpUDtwosNM4c=
github.com/frozenpine/ngerest v0.0.0-20190722015843-4aaefcee2d9c h1:nPtAMfX3mlXAXYADDaKU/0fBis+su9bky5fbOqQqZcw=
github.com/frozenpine/ngerest v0.0.0-20190722015843-4aaefcee2d9c/go.mod h1:OJdTOOjkxgCR0XYBYUW52Tdpaii6/jyRpUDtwosNM4c=
github.com/frozenpine/ngerest v0.0.0-20190722020730-236258f93ed0 h1:FmHjylZVT8YOFhbNHwUmw5wRuyHzd7aZRty9w/fVZyI=
github.com/frozenpine/ngerest v0.0.0-20190722020730-236258f93ed0/go.mod h1:OJdTOOjkxgCR0XYBYUW52Tdpaii6/jyRpUDtwosNM4c=
github.com/frozenpine/pkcs8 v0.0.0-20190413084423-a8374dc8920d h1:FDLukDoNCbo/cLcJ2YumDWbs72gOZCS7MmkbpBVOxzM=
github.com/frozenpine/pkcs8 v0.0.0-20190413084423-a8374dc8920d/go.mod h1:2bwRXM6GR9VZwJ5m0aSFo/7HHMnJLuvCoUk2cEZTt54=
github.com/gorilla/websocket v1.4.0 h1:WDFjx/TMzVgy9VdMMQi2K2Emtwi2QcUQsztZ/zLaH/Q=
github.com/gorilla/websocket v1.4.0/go.mod h1:E7qHFY5m1UJ88s3WnNqhKjPHQ0heANvMoAMk2YaljkQ=
github.com/spf13/pflag v1.0.3 h1:zPAT6CGy6wXeQ7NtTnaTerfKOsV6V6F8agHXFiazDkg=
github.com/spf13/pflag v1.0.3/go.mod h1:DYY7MBk1bdzusC3SYhjObp+wFpr4gzcvqqNjLnInEg4=
